
Microsoft Visual Studio Solution File, Format Version 12.00
# Visual Studio Version 18
VisualStudioVersion = 18.3.11520.95
MinimumVisualStudioVersion = 10.0.40219.1
Project("{2150E333-8FDC-42A3-9474-1A3956D46DE8}") = "src", "src", "{827E0CD3-B72D-47B6-A68D-7590B98EB39B}"
EndProject
Project("{FAE04EC0-301F-11D3-BF4B-00C04F79EFBC}") = "EfCoreKit.Abstractions", "src\EfCoreKit.Abstractions\EfCoreKit.Abstractions.csproj", "{74F4C95D-F494-4006-9EFF-2E63667864EB}"
EndProject
Project("{FAE04EC0-301F-11D3-BF4B-00C04F79EFBC}") = "EfCoreKit.Core", "src\EfCoreKit.Core\EfCoreKit.Core.csproj", "{6F8C3025-8CF0-4CD3-8B61-3D0DD22BF3EC}"
EndProject
Project("{FAE04EC0-301F-11D3-BF4B-00C04F79EFBC}") = "EfCoreKit.BulkOperations", "src\EfCoreKit.BulkOperations\EfCoreKit.BulkOperations.csproj", "{590DE75D-7489-4CF6-BF6D-B5ED57761A79}"
EndProject
Project("{FAE04EC0-301F-11D3-BF4B-00C04F79EFBC}") = "EfCoreKit.SqlServer", "src\EfCoreKit.SqlServer\EfCoreKit.SqlServer.csproj", "{5E06C7FB-314F-4C2B-ADD1-DD2EA0BB7BF5}"
EndProject
Project("{FAE04EC0-301F-11D3-BF4B-00C04F79EFBC}") = "EfCoreKit.PostgreSql", "src\EfCoreKit.PostgreSql\EfCoreKit.PostgreSql.csproj", "{E7CE0DE2-E7CB-4380-ABC7-80A1B88D6412}"
EndProject
Project("{FAE04EC0-301F-11D3-BF4B-00C04F79EFBC}") = "EfCoreKit.MySql", "src\EfCoreKit.MySql\EfCoreKit.MySql.csproj", "{126983C4-53B0-4BF5-91DF-05656D73F5CC}"
EndProject
Project("{FAE04EC0-301F-11D3-BF4B-00C04F79EFBC}") = "EfCoreKit.Sqlite", "src\EfCoreKit.Sqlite\EfCoreKit.Sqlite.csproj", "{FB9AF877-2DA8-4880-BB56-13520EF9B82A}"
EndProject
Project("{FAE04EC0-301F-11D3-BF4B-00C04F79EFBC}") = "EfCoreKit", "src\EfCoreKit\EfCoreKit.csproj", "{38D53281-3A3E-4431-92AA-2AF3EB1202CA}"
EndProject
Project("{2150E333-8FDC-42A3-9474-1A3956D46DE8}") = "tests", "tests", "{0AB3BF05-4346-4AA6-1389-037BE0695223}"
EndProject
Project("{FAE04EC0-301F-11D3-BF4B-00C04F79EFBC}") = "EfCoreKit.Tests.Unit", "tests\EfCoreKit.Tests.Unit\EfCoreKit.Tests.Unit.csproj", "{ABA0DD64-7CFD-4CC5-A679-F84EE57917DC}"
EndProject
Project("{FAE04EC0-301F-11D3-BF4B-00C04F79EFBC}") = "EfCoreKit.Tests.Integration", "tests\EfCoreKit.Tests.Integration\EfCoreKit.Tests.Integration.csproj", "{060B78C0-DC80-401E-88DE-6A50AABCFC90}"
EndProject
Project("{FAE04EC0-301F-11D3-BF4B-00C04F79EFBC}") = "EfCoreKit.Tests.Benchmarks", "tests\EfCoreKit.Tests.Benchmarks\EfCoreKit.Tests.Benchmarks.csproj", "{368E42D8-D5A2-41AF-B681-5E7BD62441A6}"
EndProject
Global
	GlobalSection(SolutionConfigurationPlatforms) = preSolution
		Debug|Any CPU = Debug|Any CPU
		Debug|x64 = Debug|x64
		Debug|x86 = Debug|x86
		Release|Any CPU = Release|Any CPU
		Release|x64 = Release|x64
		Release|x86 = Release|x86
	EndGlobalSection
	GlobalSection(ProjectConfigurationPlatforms) = postSolution
		{74F4C95D-F494-4006-9EFF-2E63667864EB}.Debug|Any CPU.ActiveCfg = Debug|Any CPU
		{74F4C95D-F494-4006-9EFF-2E63667864EB}.Debug|Any CPU.Build.0 = Debug|Any CPU
		{74F4C95D-F494-4006-9EFF-2E63667864EB}.Debug|x64.ActiveCfg = Debug|Any CPU
		{74F4C95D-F494-4006-9EFF-2E63667864EB}.Debug|x64.Build.0 = Debug|Any CPU
		{74F4C95D-F494-4006-9EFF-2E63667864EB}.Debug|x86.ActiveCfg = Debug|Any CPU
		{74F4C95D-F494-4006-9EFF-2E63667864EB}.Debug|x86.Build.0 = Debug|Any CPU
		{74F4C95D-F494-4006-9EFF-2E63667864EB}.Release|Any CPU.ActiveCfg = Release|Any CPU
		{74F4C95D-F494-4006-9EFF-2E63667864EB}.Release|Any CPU.Build.0 = Release|Any CPU
		{74F4C95D-F494-4006-9EFF-2E63667864EB}.Release|x64.ActiveCfg = Release|Any CPU
		{74F4C95D-F494-4006-9EFF-2E63667864EB}.Release|x64.Build.0 = Release|Any CPU
		{74F4C95D-F494-4006-9EFF-2E63667864EB}.Release|x86.ActiveCfg = Release|Any CPU
		{74F4C95D-F494-4006-9EFF-2E63667864EB}.Release|x86.Build.0 = Release|Any CPU
		{6F8C3025-8CF0-4CD3-8B61-3D0DD22BF3EC}.Debug|Any CPU.ActiveCfg = Debug|Any CPU
		{6F8C3025-8CF0-4CD3-8B61-3D0DD22BF3EC}.Debug|Any CPU.Build.0 = Debug|Any CPU
		{6F8C3025-8CF0-4CD3-8B61-3D0DD22BF3EC}.Debug|x64.ActiveCfg = Debug|Any CPU
		{6F8C3025-8CF0-4CD3-8B61-3D0DD22BF3EC}.Debug|x64.Build.0 = Debug|Any CPU
		{6F8C3025-8CF0-4CD3-8B61-3D0DD22BF3EC}.Debug|x86.ActiveCfg = Debug|Any CPU
		{6F8C3025-8CF0-4CD3-8B61-3D0DD22BF3EC}.Debug|x86.Build.0 = Debug|Any CPU
		{6F8C3025-8CF0-4CD3-8B61-3D0DD22BF3EC}.Release|Any CPU.ActiveCfg = Release|Any CPU
		{6F8C3025-8CF0-4CD3-8B61-3D0DD22BF3EC}.Release|Any CPU.Build.0 = Release|Any CPU
		{6F8C3025-8CF0-4CD3-8B61-3D0DD22BF3EC}.Release|x64.ActiveCfg = Release|Any CPU
		{6F8C3025-8CF0-4CD3-8B61-3D0DD22BF3EC}.Release|x64.Build.0 = Release|Any CPU
		{6F8C3025-8CF0-4CD3-8B61-3D0DD22BF3EC}.Release|x86.ActiveCfg = Release|Any CPU
		{6F8C3025-8CF0-4CD3-8B61-3D0DD22BF3EC}.Release|x86.Build.0 = Release|Any CPU
		{590DE75D-7489-4CF6-BF6D-B5ED57761A79}.Debug|Any CPU.ActiveCfg = Debug|Any CPU
		{590DE75D-7489-4CF6-BF6D-B5ED57761A79}.Debug|Any CPU.Build.0 = Debug|Any CPU
		{590DE75D-7489-4CF6-BF6D-B5ED57761A79}.Debug|x64.ActiveCfg = Debug|Any CPU
		{590DE75D-7489-4CF6-BF6D-B5ED57761A79}.Debug|x64.Build.0 = Debug|Any CPU
		{590DE75D-7489-4CF6-BF6D-B5ED57761A79}.Debug|x86.ActiveCfg = Debug|Any CPU
		{590DE75D-7489-4CF6-BF6D-B5ED57761A79}.Debug|x86.Build.0 = Debug|Any CPU
		{590DE75D-7489-4CF6-BF6D-B5ED57761A79}.Release|Any CPU.ActiveCfg = Release|Any CPU
		{590DE75D-7489-4CF6-BF6D-B5ED57761A79}.Release|Any CPU.Build.0 = Release|Any CPU
		{590DE75D-7489-4CF6-BF6D-B5ED57761A79}.Release|x64.ActiveCfg = Release|Any CPU
		{590DE75D-7489-4CF6-BF6D-B5ED57761A79}.Release|x64.Build.0 = Release|Any CPU
		{590DE75D-7489-4CF6-BF6D-B5ED57761A79}.Release|x86.ActiveCfg = Release|Any CPU
		{590DE75D-7489-4CF6-BF6D-B5ED57761A79}.Release|x86.Build.0 = Release|Any CPU
		{5E06C7FB-314F-4C2B-ADD1-DD2EA0BB7BF5}.Debug|Any CPU.ActiveCfg = Debug|Any CPU
		{5E06C7FB-314F-4C2B-ADD1-DD2EA0BB7BF5}.Debug|Any CPU.Build.0 = Debug|Any CPU
		{5E06C7FB-314F-4C2B-ADD1-DD2EA0BB7BF5}.Debug|x64.ActiveCfg = Debug|Any CPU
		{5E06C7FB-314F-4C2B-ADD1-DD2EA0BB7BF5}.Debug|x64.Build.0 = Debug|Any CPU
		{5E06C7FB-314F-4C2B-ADD1-DD2EA0BB7BF5}.Debug|x86.ActiveCfg = Debug|Any CPU
		{5E06C7FB-314F-4C2B-ADD1-DD2EA0BB7BF5}.Debug|x86.Build.0 = Debug|Any CPU
		{5E06C7FB-314F-4C2B-ADD1-DD2EA0BB7BF5}.Release|Any CPU.ActiveCfg = Release|Any CPU
		{5E06C7FB-314F-4C2B-ADD1-DD2EA0BB7BF5}.Release|Any CPU.Build.0 = Release|Any CPU
		{5E06C7FB-314F-4C2B-ADD1-DD2EA0BB7BF5}.Release|x64.ActiveCfg = Release|Any CPU
		{5E06C7FB-314F-4C2B-ADD1-DD2EA0BB7BF5}.Release|x64.Build.0 = Release|Any CPU
		{5E06C7FB-314F-4C2B-ADD1-DD2EA0BB7BF5}.Release|x86.ActiveCfg = Release|Any CPU
		{5E06C7FB-314F-4C2B-ADD1-DD2EA0BB7BF5}.Release|x86.Build.0 = Release|Any CPU
		{E7CE0DE2-E7CB-4380-ABC7-80A1B88D6412}.Debug|Any CPU.ActiveCfg = Debug|Any CPU
		{E7CE0DE2-E7CB-4380-ABC7-80A1B88D6412}.Debug|Any CPU.Build.0 = Debug|Any CPU
		{E7CE0DE2-E7CB-4380-ABC7-80A1B88D6412}.Debug|x64.ActiveCfg = Debug|Any CPU
		{E7CE0DE2-E7CB-4380-ABC7-80A1B88D6412}.Debug|x64.Build.0 = Debug|Any CPU
		{E7CE0DE2-E7CB-4380-ABC7-80A1B88D6412}.Debug|x86.ActiveCfg = Debug|Any CPU
		{E7CE0DE2-E7CB-4380-ABC7-80A1B88D6412}.Debug|x86.Build.0 = Debug|Any CPU
		{E7CE0DE2-E7CB-4380-ABC7-80A1B88D6412}.Release|Any CPU.ActiveCfg = Release|Any CPU
		{E7CE0DE2-E7CB-4380-ABC7-80A1B88D6412}.Release|Any CPU.Build.0 = Release|Any CPU
		{E7CE0DE2-E7CB-4380-ABC7-80A1B88D6412}.Release|x64.ActiveCfg = Release|Any CPU
		{E7CE0DE2-E7CB-4380-ABC7-80A1B88D6412}.Release|x64.Build.0 = Release|Any CPU
		{E7CE0DE2-E7CB-4380-ABC7-80A1B88D6412}.Release|x86.ActiveCfg = Release|Any CPU
		{E7CE0DE2-E7CB-4380-ABC7-80A1B88D6412}.Release|x86.Build.0 = Release|Any CPU
		{126983C4-53B0-4BF5-91DF-05656D73F5CC}.Debug|Any CPU.ActiveCfg = Debug|Any CPU
		{126983C4-53B0-4BF5-91DF-05656D73F5CC}.Debug|Any CPU.Build.0 = Debug|Any CPU
		{126983C4-53B0-4BF5-91DF-05656D73F5CC}.Debug|x64.ActiveCfg = Debug|Any CPU
		{126983C4-53B0-4BF5-91DF-05656D73F5CC}.Debug|x64.Build.0 = Debug|Any CPU
		{126983C4-53B0-4BF5-91DF-05656D73F5CC}.Debug|x86.ActiveCfg = Debug|Any CPU
		{126983C4-53B0-4BF5-91DF-05656D73F5CC}.Debug|x86.Build.0 = Debug|Any CPU
		{126983C4-53B0-4BF5-91DF-05656D73F5CC}.Release|Any CPU.ActiveCfg = Release|Any CPU
		{126983C4-53B0-4BF5-91DF-05656D73F5CC}.Release|Any CPU.Build.0 = Release|Any CPU
		{126983C4-53B0-4BF5-91DF-05656D73F5CC}.Release|x64.ActiveCfg = Release|Any CPU
		{126983C4-53B0-4BF5-91DF-05656D73F5CC}.Release|x64.Build.0 = Release|Any CPU
		{126983C4-53B0-4BF5-91DF-05656D73F5CC}.Release|x86.ActiveCfg = Release|Any CPU
		{126983C4-53B0-4BF5-91DF-05656D73F5CC}.Release|x86.Build.0 = Release|Any CPU
		{FB9AF877-2DA8-4880-BB56-13520EF9B82A}.Debug|Any CPU.ActiveCfg = Debug|Any CPU
		{FB9AF877-2DA8-4880-BB56-13520EF9B82A}.Debug|Any CPU.Build.0 = Debug|Any CPU
		{FB9AF877-2DA8-4880-BB56-13520EF9B82A}.Debug|x64.ActiveCfg = Debug|Any CPU
		{FB9AF877-2DA8-4880-BB56-13520EF9B82A}.Debug|x64.Build.0 = Debug|Any CPU
		{FB9AF877-2DA8-4880-BB56-13520EF9B82A}.Debug|x86.ActiveCfg = Debug|Any CPU
		{FB9AF877-2DA8-4880-BB56-13520EF9B82A}.Debug|x86.Build.0 = Debug|Any CPU
		{FB9AF877-2DA8-4880-BB56-13520EF9B82A}.Release|Any CPU.ActiveCfg = Release|Any CPU
		{FB9AF877-2DA8-4880-BB56-13520EF9B82A}.Release|Any CPU.Build.0 = Release|Any CPU
		{FB9AF877-2DA8-4880-BB56-13520EF9B82A}.Release|x64.ActiveCfg = Release|Any CPU
		{FB9AF877-2DA8-4880-BB56-13520EF9B82A}.Release|x64.Build.0 = Release|Any CPU
		{FB9AF877-2DA8-4880-BB56-13520EF9B82A}.Release|x86.ActiveCfg = Release|Any CPU
		{FB9AF877-2DA8-4880-BB56-13520EF9B82A}.Release|x86.Build.0 = Release|Any CPU
		{38D53281-3A3E-4431-92AA-2AF3EB1202CA}.Debug|Any CPU.ActiveCfg = Debug|Any CPU
		{38D53281-3A3E-4431-92AA-2AF3EB1202CA}.Debug|Any CPU.Build.0 = Debug|Any CPU
		{38D53281-3A3E-4431-92AA-2AF3EB1202CA}.Debug|x64.ActiveCfg = Debug|Any CPU
		{38D53281-3A3E-4431-92AA-2AF3EB1202CA}.Debug|x64.Build.0 = Debug|Any CPU
		{38D53281-3A3E-4431-92AA-2AF3EB1202CA}.Debug|x86.ActiveCfg = Debug|Any CPU
		{38D53281-3A3E-4431-92AA-2AF3EB1202CA}.Debug|x86.Build.0 = Debug|Any CPU
		{38D53281-3A3E-4431-92AA-2AF3EB1202CA}.Release|Any CPU.ActiveCfg = Release|Any CPU
		{38D53281-3A3E-4431-92AA-2AF3EB1202CA}.Release|Any CPU.Build.0 = Release|Any CPU
		{38D53281-3A3E-4431-92AA-2AF3EB1202CA}.Release|x64.ActiveCfg = Release|Any CPU
		{38D53281-3A3E-4431-92AA-2AF3EB1202CA}.Release|x64.Build.0 = Release|Any CPU
		{38D53281-3A3E-4431-92AA-2AF3EB1202CA}.Release|x86.ActiveCfg = Release|Any CPU
		{38D53281-3A3E-4431-92AA-2AF3EB1202CA}.Release|x86.Build.0 = Release|Any CPU
		{ABA0DD64-7CFD-4CC5-A679-F84EE57917DC}.Debug|Any CPU.ActiveCfg = Debug|Any CPU
		{ABA0DD64-7CFD-4CC5-A679-F84EE57917DC}.Debug|Any CPU.Build.0 = Debug|Any CPU
		{ABA0DD64-7CFD-4CC5-A679-F84EE57917DC}.Debug|x64.ActiveCfg = Debug|Any CPU
		{ABA0DD64-7CFD-4CC5-A679-F84EE57917DC}.Debug|x64.Build.0 = Debug|Any CPU
		{ABA0DD64-7CFD-4CC5-A679-F84EE57917DC}.Debug|x86.ActiveCfg = Debug|Any CPU
		{ABA0DD64-7CFD-4CC5-A679-F84EE57917DC}.Debug|x86.Build.0 = Debug|Any CPU
		{ABA0DD64-7CFD-4CC5-A679-F84EE57917DC}.Release|Any CPU.ActiveCfg = Release|Any CPU
		{ABA0DD64-7CFD-4CC5-A679-F84EE57917DC}.Release|Any CPU.Build.0 = Release|Any CPU
		{ABA0DD64-7CFD-4CC5-A679-F84EE57917DC}.Release|x64.ActiveCfg = Release|Any CPU
		{ABA0DD64-7CFD-4CC5-A679-F84EE57917DC}.Release|x64.Build.0 = Release|Any CPU
		{ABA0DD64-7CFD-4CC5-A679-F84EE57917DC}.Release|x86.ActiveCfg = Release|Any CPU
		{ABA0DD64-7CFD-4CC5-A679-F84EE57917DC}.Release|x86.Build.0 = Release|Any CPU
		{060B78C0-DC80-401E-88DE-6A50AABCFC90}.Debug|Any CPU.ActiveCfg = Debug|Any CPU
		{060B78C0-DC80-401E-88DE-6A50AABCFC90}.Debug|Any CPU.Build.0 = Debug|Any CPU
		{060B78C0-DC80-401E-88DE-6A50AABCFC90}.Debug|x64.ActiveCfg = Debug|Any CPU
		{060B78C0-DC80-401E-88DE-6A50AABCFC90}.Debug|x64.Build.0 = Debug|Any CPU
		{060B78C0-DC80-401E-88DE-6A50AABCFC90}.Debug|x86.ActiveCfg = Debug|Any CPU
		{060B78C0-DC80-401E-88DE-6A50AABCFC90}.Debug|x86.Build.0 = Debug|Any CPU
		{060B78C0-DC80-401E-88DE-6A50AABCFC90}.Release|Any CPU.ActiveCfg = Release|Any CPU
		{060B78C0-DC80-401E-88DE-6A50AABCFC90}.Release|Any CPU.Build.0 = Release|Any CPU
		{060B78C0-DC80-401E-88DE-6A50AABCFC90}.Release|x64.ActiveCfg = Release|Any CPU
		{060B78C0-DC80-401E-88DE-6A50AABCFC90}.Release|x64.Build.0 = Release|Any CPU
		{060B78C0-DC80-401E-88DE-6A50AABCFC90}.Release|x86.ActiveCfg = Release|Any CPU
		{060B78C0-DC80-401E-88DE-6A50AABCFC90}.Release|x86.Build.0 = Release|Any CPU
		{368E42D8-D5A2-41AF-B681-5E7BD62441A6}.Debug|Any CPU.ActiveCfg = Debug|Any CPU
		{368E42D8-D5A2-41AF-B681-5E7BD62441A6}.Debug|Any CPU.Build.0 = Debug|Any CPU
		{368E42D8-D5A2-41AF-B681-5E7BD62441A6}.Debug|x64.ActiveCfg = Debug|Any CPU
		{368E42D8-D5A2-41AF-B681-5E7BD62441A6}.Debug|x64.Build.0 = Debug|Any CPU
		{368E42D8-D5A2-41AF-B681-5E7BD62441A6}.Debug|x86.ActiveCfg = Debug|Any CPU
		{368E42D8-D5A2-41AF-B681-5E7BD62441A6}.Debug|x86.Build.0 = Debug|Any CPU
		{368E42D8-D5A2-41AF-B681-5E7BD62441A6}.Release|Any CPU.ActiveCfg = Release|Any CPU
		{368E42D8-D5A2-41AF-B681-5E7BD62441A6}.Release|Any CPU.Build.0 = Release|Any CPU
		{368E42D8-D5A2-41AF-B681-5E7BD62441A6}.Release|x64.ActiveCfg = Release|Any CPU
		{368E42D8-D5A2-41AF-B681-5E7BD62441A6}.Release|x64.Build.0 = Release|Any CPU
		{368E42D8-D5A2-41AF-B681-5E7BD62441A6}.Release|x86.ActiveCfg = Release|Any CPU
		{368E42D8-D5A2-41AF-B681-5E7BD62441A6}.Release|x86.Build.0 = Release|Any CPU
	EndGlobalSection
	GlobalSection(SolutionProperties) = preSolution
		HideSolutionNode = FALSE
	EndGlobalSection
	GlobalSection(NestedProjects) = preSolution
		{74F4C95D-F494-4006-9EFF-2E63667864EB} = {827E0CD3-B72D-47B6-A68D-7590B98EB39B}
		{6F8C3025-8CF0-4CD3-8B61-3D0DD22BF3EC} = {827E0CD3-B72D-47B6-A68D-7590B98EB39B}
		{590DE75D-7489-4CF6-BF6D-B5ED57761A79} = {827E0CD3-B72D-47B6-A68D-7590B98EB39B}
		{5E06C7FB-314F-4C2B-ADD1-DD2EA0BB7BF5} = {827E0CD3-B72D-47B6-A68D-7590B98EB39B}
		{E7CE0DE2-E7CB-4380-ABC7-80A1B88D6412} = {827E0CD3-B72D-47B6-A68D-7590B98EB39B}
		{126983C4-53B0-4BF5-91DF-05656D73F5CC} = {827E0CD3-B72D-47B6-A68D-7590B98EB39B}
		{FB9AF877-2DA8-4880-BB56-13520EF9B82A} = {827E0CD3-B72D-47B6-A68D-7590B98EB39B}
		{38D53281-3A3E-4431-92AA-2AF3EB1202CA} = {827E0CD3-B72D-47B6-A68D-7590B98EB39B}
		{ABA0DD64-7CFD-4CC5-A679-F84EE57917DC} = {0AB3BF05-4346-4AA6-1389-037BE0695223}
		{060B78C0-DC80-401E-88DE-6A50AABCFC90} = {0AB3BF05-4346-4AA6-1389-037BE0695223}
		{368E42D8-D5A2-41AF-B681-5E7BD62441A6} = {0AB3BF05-4346-4AA6-1389-037BE0695223}
	EndGlobalSection
	GlobalSection(ExtensibilityGlobals) = postSolution
		SolutionGuid = {B8DB5B8A-51FC-45B2-95FA-93D0708443EC}
	EndGlobalSection
EndGlobal
